
Microsoft Visual Studio Solution File, Format Version 12.00
# Visual Studio Version 16
VisualStudioVersion = 16.0.31112.23
MinimumVisualStudioVersion = 10.0.40219.1
Project("{FAE04EC0-301F-11D3-BF4B-00C04F79EFBC}") = "Ejercicio37", "Ejercicio37\Ejercicio37.csproj", "{73C07ED8-050E-4C70-8AEB-533FF97D6EFD}"
EndProject
Global
	GlobalSection(SolutionConfigurationPlatforms) = preSolution
		Debug|Any CPU = Debug|Any CPU
		Release|Any CPU = Release|Any CPU
	EndGlobalSection
	GlobalSection(ProjectConfigurationPlatforms) = postSolution
		{73C07ED8-050E-4C70-8AEB-533FF97D6EFD}.Debug|Any CPU.ActiveCfg = Debug|Any CPU
		{73C07ED8-050E-4C70-8AEB-533FF97D6EFD}.Debug|Any CPU.Build.0 = Debug|Any CPU
		{73C07ED8-050E-4C70-8AEB-533FF97D6EFD}.Release|Any CPU.ActiveCfg = Release|Any CPU
		{73C07ED8-050E-4C70-8AEB-533FF97D6EFD}.Release|Any CPU.Build.0 = Release|Any CPU
	EndGlobalSection
	GlobalSection(SolutionProperties) = preSolution
		HideSolutionNode = FALSE
	EndGlobalSection
	GlobalSection(ExtensibilityGlobals) = postSolution
		SolutionGuid = {2FF38F90-13AF-460D-ACAD-98587A0E3A7C}
	EndGlobalSection
EndGlobal
