
Microsoft Visual Studio Solution File, Format Version 12.00
# Visual Studio Version 16
VisualStudioVersion = 16.0.31112.23
MinimumVisualStudioVersion = 10.0.40219.1
Project("{FAE04EC0-301F-11D3-BF4B-00C04F79EFBC}") = "Ejercicio16", "Ejercicio16\Ejercicio16.csproj", "{81F7E661-80CD-4236-A862-4C0CAAD7222C}"
EndProject
Global
	GlobalSection(SolutionConfigurationPlatforms) = preSolution
		Debug|Any CPU = Debug|Any CPU
		Release|Any CPU = Release|Any CPU
	EndGlobalSection
	GlobalSection(ProjectConfigurationPlatforms) = postSolution
		{81F7E661-80CD-4236-A862-4C0CAAD7222C}.Debug|Any CPU.ActiveCfg = Debug|Any CPU
		{81F7E661-80CD-4236-A862-4C0CAAD7222C}.Debug|Any CPU.Build.0 = Debug|Any CPU
		{81F7E661-80CD-4236-A862-4C0CAAD7222C}.Release|Any CPU.ActiveCfg = Release|Any CPU
		{81F7E661-80CD-4236-A862-4C0CAAD7222C}.Release|Any CPU.Build.0 = Release|Any CPU
	EndGlobalSection
	GlobalSection(SolutionProperties) = preSolution
		HideSolutionNode = FALSE
	EndGlobalSection
	GlobalSection(ExtensibilityGlobals) = postSolution
		SolutionGuid = {2E1779FE-9540-46D8-A81F-0B43D716E739}
	EndGlobalSection
EndGlobal
