
Microsoft Visual Studio Solution File, Format Version 12.00
# Visual Studio Version 16
VisualStudioVersion = 16.0.31112.23
MinimumVisualStudioVersion = 10.0.40219.1
Project("{FAE04EC0-301F-11D3-BF4B-00C04F79EFBC}") = "Ejercicio 26", "Ejercicio 26\Ejercicio 26.csproj", "{DBF75A34-E220-4FFB-AFD9-2ACC1762E019}"
EndProject
Global
	GlobalSection(SolutionConfigurationPlatforms) = preSolution
		Debug|Any CPU = Debug|Any CPU
		Release|Any CPU = Release|Any CPU
	EndGlobalSection
	GlobalSection(ProjectConfigurationPlatforms) = postSolution
		{DBF75A34-E220-4FFB-AFD9-2ACC1762E019}.Debug|Any CPU.ActiveCfg = Debug|Any CPU
		{DBF75A34-E220-4FFB-AFD9-2ACC1762E019}.Debug|Any CPU.Build.0 = Debug|Any CPU
		{DBF75A34-E220-4FFB-AFD9-2ACC1762E019}.Release|Any CPU.ActiveCfg = Release|Any CPU
		{DBF75A34-E220-4FFB-AFD9-2ACC1762E019}.Release|Any CPU.Build.0 = Release|Any CPU
	EndGlobalSection
	GlobalSection(SolutionProperties) = preSolution
		HideSolutionNode = FALSE
	EndGlobalSection
	GlobalSection(ExtensibilityGlobals) = postSolution
		SolutionGuid = {5DA01135-3D71-4599-8EB5-D1E54AFF09AF}
	EndGlobalSection
EndGlobal
