
Microsoft Visual Studio Solution File, Format Version 12.00
# Visual Studio Version 16
VisualStudioVersion = 16.0.31112.23
MinimumVisualStudioVersion = 10.0.40219.1
Project("{FAE04EC0-301F-11D3-BF4B-00C04F79EFBC}") = "Ejercicio3", "Ejercicio3.csproj", "{73E55815-3471-473A-A411-2C0E76FD1E54}"
EndProject
Global
	GlobalSection(SolutionConfigurationPlatforms) = preSolution
		Debug|Any CPU = Debug|Any CPU
		Release|Any CPU = Release|Any CPU
	EndGlobalSection
	GlobalSection(ProjectConfigurationPlatforms) = postSolution
		{73E55815-3471-473A-A411-2C0E76FD1E54}.Debug|Any CPU.ActiveCfg = Debug|Any CPU
		{73E55815-3471-473A-A411-2C0E76FD1E54}.Debug|Any CPU.Build.0 = Debug|Any CPU
		{73E55815-3471-473A-A411-2C0E76FD1E54}.Release|Any CPU.ActiveCfg = Release|Any CPU
		{73E55815-3471-473A-A411-2C0E76FD1E54}.Release|Any CPU.Build.0 = Release|Any CPU
	EndGlobalSection
	GlobalSection(SolutionProperties) = preSolution
		HideSolutionNode = FALSE
	EndGlobalSection
	GlobalSection(ExtensibilityGlobals) = postSolution
		SolutionGuid = {DF96B9A2-072E-44E4-83EC-FEEB8C5FD446}
	EndGlobalSection
EndGlobal
